
Microsoft Visual Studio Solution File, Format Version 12.00
# Visual Studio Version 17
VisualStudioVersion = 17.0.31825.309
MinimumVisualStudioVersion = 10.0.40219.1
Project("{9A19103F-16F7-4668-BE54-9A1E7A4F7556}") = "Pijze.Api", "Api\src\Pijze.Api\Pijze.Api.csproj", "{A10EC1B4-5525-4DBB-96C9-A809A57408AD}"
EndProject
Project("{9A19103F-16F7-4668-BE54-9A1E7A4F7556}") = "Pijze.Infrastructure", "Api\src\Pijze.Infrastructure\Pijze.Infrastructure.csproj", "{27335A64-E92B-42D8-854B-609EB574B500}"
EndProject
Project("{9A19103F-16F7-4668-BE54-9A1E7A4F7556}") = "Pijze.Domain", "Api\src\Pijze.Domain\Pijze.Domain.csproj", "{11E49E32-77A9-4BDA-AF92-BD515F85CB1A}"
EndProject
Project("{9A19103F-16F7-4668-BE54-9A1E7A4F7556}") = "Pijze.Application", "Api\src\Pijze.Application\Pijze.Application.csproj", "{2D5170EC-05F2-41D8-A6F8-B329E548503C}"
EndProject
Project("{2150E333-8FDC-42A3-9474-1A3956D46DE8}") = "Api", "Api", "{D3400F66-76A3-4C0D-AB26-FF9FCF4BE35E}"
EndProject
Project("{2150E333-8FDC-42A3-9474-1A3956D46DE8}") = "Bff", "Bff", "{5B93248A-6AD9-4EBE-92B8-72A05150780C}"
EndProject
Project("{FAE04EC0-301F-11D3-BF4B-00C04F79EFBC}") = "Pijze.Bff", "Bff\Pijze.Bff\Pijze.Bff.csproj", "{B8A0CB5A-4A99-44F0-8B91-35154F3A3E83}"
EndProject
Project("{2150E333-8FDC-42A3-9474-1A3956D46DE8}") = "src", "src", "{22F2F937-4079-4366-B454-F13FF6A07D49}"
EndProject
Project("{2150E333-8FDC-42A3-9474-1A3956D46DE8}") = "tests", "tests", "{74F06081-C328-4FAF-B4AC-27FF6A4FF69A}"
EndProject
Project("{FAE04EC0-301F-11D3-BF4B-00C04F79EFBC}") = "Pijze.Domain.Tests", "Api\tests\Pijze.Domain.Tests\Pijze.Domain.Tests.csproj", "{EDD89D42-1045-4DCD-8536-76BB3122C923}"
EndProject
Project("{FAE04EC0-301F-11D3-BF4B-00C04F79EFBC}") = "Pijze.Application.Tests", "Api\tests\Pijze.Application.Tests\Pijze.Application.Tests.csproj", "{41B4AD8F-2C81-47B3-A1CD-412C9D183538}"
EndProject
Project("{FAE04EC0-301F-11D3-BF4B-00C04F79EFBC}") = "Pijze.Tests.Shared", "Api\tests\Pijze.Tests.Shared\Pijze.Tests.Shared.csproj", "{6B903D2D-A94E-4470-BDFB-34D2ED5E9097}"
EndProject
Global
	GlobalSection(SolutionConfigurationPlatforms) = preSolution
		Debug|Any CPU = Debug|Any CPU
		Release|Any CPU = Release|Any CPU
	EndGlobalSection
	GlobalSection(ProjectConfigurationPlatforms) = postSolution
		{A10EC1B4-5525-4DBB-96C9-A809A57408AD}.Debug|Any CPU.ActiveCfg = Debug|Any CPU
		{A10EC1B4-5525-4DBB-96C9-A809A57408AD}.Debug|Any CPU.Build.0 = Debug|Any CPU
		{A10EC1B4-5525-4DBB-96C9-A809A57408AD}.Release|Any CPU.ActiveCfg = Release|Any CPU
		{A10EC1B4-5525-4DBB-96C9-A809A57408AD}.Release|Any CPU.Build.0 = Release|Any CPU
		{27335A64-E92B-42D8-854B-609EB574B500}.Debug|Any CPU.ActiveCfg = Debug|Any CPU
		{27335A64-E92B-42D8-854B-609EB574B500}.Debug|Any CPU.Build.0 = Debug|Any CPU
		{27335A64-E92B-42D8-854B-609EB574B500}.Release|Any CPU.ActiveCfg = Release|Any CPU
		{27335A64-E92B-42D8-854B-609EB574B500}.Release|Any CPU.Build.0 = Release|Any CPU
		{11E49E32-77A9-4BDA-AF92-BD515F85CB1A}.Debug|Any CPU.ActiveCfg = Debug|Any CPU
		{11E49E32-77A9-4BDA-AF92-BD515F85CB1A}.Debug|Any CPU.Build.0 = Debug|Any CPU
		{11E49E32-77A9-4BDA-AF92-BD515F85CB1A}.Release|Any CPU.ActiveCfg = Release|Any CPU
		{11E49E32-77A9-4BDA-AF92-BD515F85CB1A}.Release|Any CPU.Build.0 = Release|Any CPU
		{2D5170EC-05F2-41D8-A6F8-B329E548503C}.Debug|Any CPU.ActiveCfg = Debug|Any CPU
		{2D5170EC-05F2-41D8-A6F8-B329E548503C}.Debug|Any CPU.Build.0 = Debug|Any CPU
		{2D5170EC-05F2-41D8-A6F8-B329E548503C}.Release|Any CPU.ActiveCfg = Release|Any CPU
		{2D5170EC-05F2-41D8-A6F8-B329E548503C}.Release|Any CPU.Build.0 = Release|Any CPU
		{B8A0CB5A-4A99-44F0-8B91-35154F3A3E83}.Debug|Any CPU.ActiveCfg = Debug|Any CPU
		{B8A0CB5A-4A99-44F0-8B91-35154F3A3E83}.Debug|Any CPU.Build.0 = Debug|Any CPU
		{B8A0CB5A-4A99-44F0-8B91-35154F3A3E83}.Release|Any CPU.ActiveCfg = Release|Any CPU
		{B8A0CB5A-4A99-44F0-8B91-35154F3A3E83}.Release|Any CPU.Build.0 = Release|Any CPU
		{EDD89D42-1045-4DCD-8536-76BB3122C923}.Debug|Any CPU.ActiveCfg = Debug|Any CPU
		{EDD89D42-1045-4DCD-8536-76BB3122C923}.Debug|Any CPU.Build.0 = Debug|Any CPU
		{EDD89D42-1045-4DCD-8536-76BB3122C923}.Release|Any CPU.ActiveCfg = Release|Any CPU
		{EDD89D42-1045-4DCD-8536-76BB3122C923}.Release|Any CPU.Build.0 = Release|Any CPU
		{41B4AD8F-2C81-47B3-A1CD-412C9D183538}.Debug|Any CPU.ActiveCfg = Debug|Any CPU
		{41B4AD8F-2C81-47B3-A1CD-412C9D183538}.Debug|Any CPU.Build.0 = Debug|Any CPU
		{41B4AD8F-2C81-47B3-A1CD-412C9D183538}.Release|Any CPU.ActiveCfg = Release|Any CPU
		{41B4AD8F-2C81-47B3-A1CD-412C9D183538}.Release|Any CPU.Build.0 = Release|Any CPU
		{6B903D2D-A94E-4470-BDFB-34D2ED5E9097}.Debug|Any CPU.ActiveCfg = Debug|Any CPU
		{6B903D2D-A94E-4470-BDFB-34D2ED5E9097}.Debug|Any CPU.Build.0 = Debug|Any CPU
		{6B903D2D-A94E-4470-BDFB-34D2ED5E9097}.Release|Any CPU.ActiveCfg = Release|Any CPU
		{6B903D2D-A94E-4470-BDFB-34D2ED5E9097}.Release|Any CPU.Build.0 = Release|Any CPU
	EndGlobalSection
	GlobalSection(SolutionProperties) = preSolution
		HideSolutionNode = FALSE
	EndGlobalSection
	GlobalSection(ExtensibilityGlobals) = postSolution
		SolutionGuid = {AD2FDCB8-D802-4838-B0EC-BA6EA47500DD}
	EndGlobalSection
	GlobalSection(NestedProjects) = preSolution
		{B8A0CB5A-4A99-44F0-8B91-35154F3A3E83} = {5B93248A-6AD9-4EBE-92B8-72A05150780C}
		{22F2F937-4079-4366-B454-F13FF6A07D49} = {D3400F66-76A3-4C0D-AB26-FF9FCF4BE35E}
		{A10EC1B4-5525-4DBB-96C9-A809A57408AD} = {22F2F937-4079-4366-B454-F13FF6A07D49}
		{2D5170EC-05F2-41D8-A6F8-B329E548503C} = {22F2F937-4079-4366-B454-F13FF6A07D49}
		{11E49E32-77A9-4BDA-AF92-BD515F85CB1A} = {22F2F937-4079-4366-B454-F13FF6A07D49}
		{27335A64-E92B-42D8-854B-609EB574B500} = {22F2F937-4079-4366-B454-F13FF6A07D49}
		{74F06081-C328-4FAF-B4AC-27FF6A4FF69A} = {D3400F66-76A3-4C0D-AB26-FF9FCF4BE35E}
		{EDD89D42-1045-4DCD-8536-76BB3122C923} = {74F06081-C328-4FAF-B4AC-27FF6A4FF69A}
		{41B4AD8F-2C81-47B3-A1CD-412C9D183538} = {74F06081-C328-4FAF-B4AC-27FF6A4FF69A}
		{6B903D2D-A94E-4470-BDFB-34D2ED5E9097} = {74F06081-C328-4FAF-B4AC-27FF6A4FF69A}
	EndGlobalSection
EndGlobal
